// !$*UTF8*$!
{
	archiveVersion = 1;
	classes = {
	};
	objectVersion = 46;
	objects = {

/* Begin PBXBuildFile section */
		A93717DF1EEBE20100EDE3B8 /* PictureTableViewCell.xib in Resources */ = {isa = PBXBuildFile; fileRef = A93717DE1EEBE20100EDE3B8 /* PictureTableViewCell.xib */; };
		A93717E21EEBE22700EDE3B8 /* PictureTableViewCell.m in Sources */ = {isa = PBXBuildFile; fileRef = A93717E11EEBE22700EDE3B8 /* PictureTableViewCell.m */; };
		A93717E51EEBEAAE00EDE3B8 /* RequestFactory.m in Sources */ = {isa = PBXBuildFile; fileRef = A93717E41EEBEAAE00EDE3B8 /* RequestFactory.m */; };
		A94430BC1EEC4CD200591E32 /* CategoriesViewController.m in Sources */ = {isa = PBXBuildFile; fileRef = A94430BB1EEC4CD100591E32 /* CategoriesViewController.m */; };
		A96299D11EE9032700A7E80A /* ResourceRequestModal.m in Sources */ = {isa = PBXBuildFile; fileRef = A96299D01EE9032700A7E80A /* ResourceRequestModal.m */; };
		A96299DD1EE9437300A7E80A /* LoaderOperation.m in Sources */ = {isa = PBXBuildFile; fileRef = A96299DC1EE9437300A7E80A /* LoaderOperation.m */; };
		A96299E01EE944D900A7E80A /* RequestRtnModal.m in Sources */ = {isa = PBXBuildFile; fileRef = A96299DF1EE944D900A7E80A /* RequestRtnModal.m */; };
		A96D1BF21EEC04E800A694A1 /* LIbAPI.m in Sources */ = {isa = PBXBuildFile; fileRef = A96D1BF11EEC04E800A694A1 /* LIbAPI.m */; };
		A981E9FE1EE8838E00E91BD9 /* RequestManager.m in Sources */ = {isa = PBXBuildFile; fileRef = A981E9FD1EE8838E00E91BD9 /* RequestManager.m */; };
		A9A1A9E91EEAF5300042DF30 /* BaseOperation.m in Sources */ = {isa = PBXBuildFile; fileRef = A9A1A9E81EEAF5300042DF30 /* BaseOperation.m */; };
		A9A1A9EC1EEAFA790042DF30 /* LoaderOperationQueueManager.m in Sources */ = {isa = PBXBuildFile; fileRef = A9A1A9EB1EEAFA790042DF30 /* LoaderOperationQueueManager.m */; };
		A9A1A9EF1EEAFC550042DF30 /* NetworkDataMgr.m in Sources */ = {isa = PBXBuildFile; fileRef = A9A1A9EE1EEAFC550042DF30 /* NetworkDataMgr.m */; };
		A9A1A9F31EEB0A7B0042DF30 /* PinInterestJsonParser.m in Sources */ = {isa = PBXBuildFile; fileRef = A9A1A9F21EEB0A7B0042DF30 /* PinInterestJsonParser.m */; };
		A9A1A9F71EEB0FF30042DF30 /* CacheManager.m in Sources */ = {isa = PBXBuildFile; fileRef = A9A1A9F61EEB0FF30042DF30 /* CacheManager.m */; };
		A9A1A9FA1EEB161A0042DF30 /* UrlTOkey.m in Sources */ = {isa = PBXBuildFile; fileRef = A9A1A9F91EEB161A0042DF30 /* UrlTOkey.m */; };
		A9A1A9FD1EEB17470042DF30 /* NSString+MD5.m in Sources */ = {isa = PBXBuildFile; fileRef = A9A1A9FC1EEB17470042DF30 /* NSString+MD5.m */; };
		A9C790461EE67E1A0039D65A /* main.m in Sources */ = {isa = PBXBuildFile; fileRef = A9C790451EE67E1A0039D65A /* main.m */; };
		A9C790491EE67E1A0039D65A /* AppDelegate.m in Sources */ = {isa = PBXBuildFile; fileRef = A9C790481EE67E1A0039D65A /* AppDelegate.m */; };
		A9C7904C1EE67E1A0039D65A /* PhotoViewController.m in Sources */ = {isa = PBXBuildFile; fileRef = A9C7904B1EE67E1A0039D65A /* PhotoViewController.m */; };
		A9C7904F1EE67E1A0039D65A /* Main.storyboard in Resources */ = {isa = PBXBuildFile; fileRef = A9C7904D1EE67E1A0039D65A /* Main.storyboard */; };
		A9C790511EE67E1A0039D65A /* Assets.xcassets in Resources */ = {isa = PBXBuildFile; fileRef = A9C790501EE67E1A0039D65A /* Assets.xcassets */; };
		A9C790541EE67E1A0039D65A /* LaunchScreen.storyboard in Resources */ = {isa = PBXBuildFile; fileRef = A9C790521EE67E1A0039D65A /* LaunchScreen.storyboard */; };
		A9C7905F1EE67E1A0039D65A /* testimageTests.m in Sources */ = {isa = PBXBuildFile; fileRef = A9C7905E1EE67E1A0039D65A /* testimageTests.m */; };
		A9E3C6551EEB9FED00E9FBC3 /* VICacheImageView.m in Sources */ = {isa = PBXBuildFile; fileRef = A9E3C6541EEB9FED00E9FBC3 /* VICacheImageView.m */; };
		A9E3C6581EEBAAC300E9FBC3 /* loading.gif in Resources */ = {isa = PBXBuildFile; fileRef = A9E3C6571EEBAAC300E9FBC3 /* loading.gif */; };
		A9E3C65C1EEBAED300E9FBC3 /* ImageParsing.m in Sources */ = {isa = PBXBuildFile; fileRef = A9E3C65B1EEBAED300E9FBC3 /* ImageParsing.m */; };
		A9E3C6601EEBD08B00E9FBC3 /* LinksModal.m in Sources */ = {isa = PBXBuildFile; fileRef = A9E3C65F1EEBD08B00E9FBC3 /* LinksModal.m */; };
		A9E3C6631EEBD09D00E9FBC3 /* UrlModal.m in Sources */ = {isa = PBXBuildFile; fileRef = A9E3C6621EEBD09D00E9FBC3 /* UrlModal.m */; };
		A9E3C6661EEBD12700E9FBC3 /* CategoryModal.m in Sources */ = {isa = PBXBuildFile; fileRef = A9E3C6651EEBD12700E9FBC3 /* CategoryModal.m */; };
		A9E3C6691EEBD1BD00E9FBC3 /* UserModal.m in Sources */ = {isa = PBXBuildFile; fileRef = A9E3C6681EEBD1BD00E9FBC3 /* UserModal.m */; };
		A9E3C66C1EEBD1EE00E9FBC3 /* ProfileImageModal.m in Sources */ = {isa = PBXBuildFile; fileRef = A9E3C66B1EEBD1EE00E9FBC3 /* ProfileImageModal.m */; };
		A9E3C66F1EEBD21200E9FBC3 /* PictureModal.m in Sources */ = {isa = PBXBuildFile; fileRef = A9E3C66E1EEBD21200E9FBC3 /* PictureModal.m */; };
/* End PBXBuildFile section */

/* Begin PBXContainerItemProxy section */
		A9C7905B1EE67E1A0039D65A /* PBXContainerItemProxy */ = {
			isa = PBXContainerItemProxy;
			containerPortal = A9C790391EE67E1A0039D65A /* Project object */;
			proxyType = 1;
			remoteGlobalIDString = A9C790401EE67E1A0039D65A;
			remoteInfo = testimage;
		};
/* End PBXContainerItemProxy section */

/* Begin PBXFileReference section */
		A93717DE1EEBE20100EDE3B8 /* PictureTableViewCell.xib */ = {isa = PBXFileReference; fileEncoding = 4; lastKnownFileType = file.xib; path = PictureTableViewCell.xib; sourceTree = "<group>"; };
		A93717E01EEBE22700EDE3B8 /* PictureTableViewCell.h */ = {isa = PBXFileReference; fileEncoding = 4; lastKnownFileType = sourcecode.c.h; path = PictureTableViewCell.h; sourceTree = "<group>"; };
		A93717E11EEBE22700EDE3B8 /* PictureTableViewCell.m */ = {isa = PBXFileReference; fileEncoding = 4; lastKnownFileType = sourcecode.c.objc; path = PictureTableViewCell.m; sourceTree = "<group>"; };
		A93717E31EEBEAAE00EDE3B8 /* RequestFactory.h */ = {isa = PBXFileReference; fileEncoding = 4; lastKnownFileType = sourcecode.c.h; path = RequestFactory.h; sourceTree = "<group>"; };
		A93717E41EEBEAAE00EDE3B8 /* RequestFactory.m */ = {isa = PBXFileReference; fileEncoding = 4; lastKnownFileType = sourcecode.c.objc; path = RequestFactory.m; sourceTree = "<group>"; };
		A94430BA1EEC4CD100591E32 /* CategoriesViewController.h */ = {isa = PBXFileReference; fileEncoding = 4; lastKnownFileType = sourcecode.c.h; path = CategoriesViewController.h; sourceTree = "<group>"; };
		A94430BB1EEC4CD100591E32 /* CategoriesViewController.m */ = {isa = PBXFileReference; fileEncoding = 4; lastKnownFileType = sourcecode.c.objc; path = CategoriesViewController.m; sourceTree = "<group>"; };
		A96299CF1EE9032700A7E80A /* ResourceRequestModal.h */ = {isa = PBXFileReference; fileEncoding = 4; lastKnownFileType = sourcecode.c.h; path = ResourceRequestModal.h; sourceTree = "<group>"; };
		A96299D01EE9032700A7E80A /* ResourceRequestModal.m */ = {isa = PBXFileReference; fileEncoding = 4; lastKnownFileType = sourcecode.c.objc; path = ResourceRequestModal.m; sourceTree = "<group>"; };
		A96299DB1EE9437300A7E80A /* LoaderOperation.h */ = {isa = PBXFileReference; fileEncoding = 4; lastKnownFileType = sourcecode.c.h; path = LoaderOperation.h; sourceTree = "<group>"; };
		A96299DC1EE9437300A7E80A /* LoaderOperation.m */ = {isa = PBXFileReference; fileEncoding = 4; lastKnownFileType = sourcecode.c.objc; path = LoaderOperation.m; sourceTree = "<group>"; };
		A96299DE1EE944D900A7E80A /* RequestRtnModal.h */ = {isa = PBXFileReference; fileEncoding = 4; lastKnownFileType = sourcecode.c.h; path = RequestRtnModal.h; sourceTree = "<group>"; };
		A96299DF1EE944D900A7E80A /* RequestRtnModal.m */ = {isa = PBXFileReference; fileEncoding = 4; lastKnownFileType = sourcecode.c.objc; path = RequestRtnModal.m; sourceTree = "<group>"; };
		A96D1BF01EEC04E800A694A1 /* LIbAPI.h */ = {isa = PBXFileReference; fileEncoding = 4; lastKnownFileType = sourcecode.c.h; path = LIbAPI.h; sourceTree = "<group>"; };
		A96D1BF11EEC04E800A694A1 /* LIbAPI.m */ = {isa = PBXFileReference; fileEncoding = 4; lastKnownFileType = sourcecode.c.objc; path = LIbAPI.m; sourceTree = "<group>"; };
		A981E9F81EE8756100E91BD9 /* NetworkDataManaging.h */ = {isa = PBXFileReference; fileEncoding = 4; lastKnownFileType = sourcecode.c.h; path = NetworkDataManaging.h; sourceTree = "<group>"; wrapsLines = 1; };
		A981E9F91EE8773D00E91BD9 /* MemCacheManaging.h */ = {isa = PBXFileReference; fileEncoding = 4; lastKnownFileType = sourcecode.c.h; path = MemCacheManaging.h; sourceTree = "<group>"; };
		A981E9FA1EE8776B00E91BD9 /* RequestManaging.h */ = {isa = PBXFileReference; fileEncoding = 4; lastKnownFileType = sourcecode.c.h; path = RequestManaging.h; sourceTree = "<group>"; };
		A981E9FB1EE877E000E91BD9 /* Url2KeyMapping.h */ = {isa = PBXFileReference; fileEncoding = 4; lastKnownFileType = sourcecode.c.h; path = Url2KeyMapping.h; sourceTree = "<group>"; };
		A981E9FC1EE8838E00E91BD9 /* RequestManager.h */ = {isa = PBXFileReference; fileEncoding = 4; lastKnownFileType = sourcecode.c.h; path = RequestManager.h; sourceTree = "<group>"; };
		A981E9FD1EE8838E00E91BD9 /* RequestManager.m */ = {isa = PBXFileReference; fileEncoding = 4; lastKnownFileType = sourcecode.c.objc; path = RequestManager.m; sourceTree = "<group>"; };
		A9A1A9E71EEAF5300042DF30 /* BaseOperation.h */ = {isa = PBXFileReference; fileEncoding = 4; lastKnownFileType = sourcecode.c.h; path = BaseOperation.h; sourceTree = "<group>"; };
		A9A1A9E81EEAF5300042DF30 /* BaseOperation.m */ = {isa = PBXFileReference; fileEncoding = 4; lastKnownFileType = sourcecode.c.objc; path = BaseOperation.m; sourceTree = "<group>"; };
		A9A1A9EA1EEAFA790042DF30 /* LoaderOperationQueueManager.h */ = {isa = PBXFileReference; fileEncoding = 4; lastKnownFileType = sourcecode.c.h; path = LoaderOperationQueueManager.h; sourceTree = "<group>"; };
		A9A1A9EB1EEAFA790042DF30 /* LoaderOperationQueueManager.m */ = {isa = PBXFileReference; fileEncoding = 4; lastKnownFileType = sourcecode.c.objc; path = LoaderOperationQueueManager.m; sourceTree = "<group>"; };
		A9A1A9ED1EEAFC550042DF30 /* NetworkDataMgr.h */ = {isa = PBXFileReference; fileEncoding = 4; lastKnownFileType = sourcecode.c.h; path = NetworkDataMgr.h; sourceTree = "<group>"; };
		A9A1A9EE1EEAFC550042DF30 /* NetworkDataMgr.m */ = {isa = PBXFileReference; fileEncoding = 4; lastKnownFileType = sourcecode.c.objc; path = NetworkDataMgr.m; sourceTree = "<group>"; };
		A9A1A9F01EEB04970042DF30 /* Parsing.h */ = {isa = PBXFileReference; fileEncoding = 4; lastKnownFileType = sourcecode.c.h; path = Parsing.h; sourceTree = "<group>"; };
		A9A1A9F11EEB0A7B0042DF30 /* PinInterestJsonParser.h */ = {isa = PBXFileReference; fileEncoding = 4; lastKnownFileType = sourcecode.c.h; path = PinInterestJsonParser.h; sourceTree = "<group>"; };
		A9A1A9F21EEB0A7B0042DF30 /* PinInterestJsonParser.m */ = {isa = PBXFileReference; fileEncoding = 4; lastKnownFileType = sourcecode.c.objc; path = PinInterestJsonParser.m; sourceTree = "<group>"; };
		A9A1A9F51EEB0FF30042DF30 /* CacheManager.h */ = {isa = PBXFileReference; fileEncoding = 4; lastKnownFileType = sourcecode.c.h; path = CacheManager.h; sourceTree = "<group>"; };
		A9A1A9F61EEB0FF30042DF30 /* CacheManager.m */ = {isa = PBXFileReference; fileEncoding = 4; lastKnownFileType = sourcecode.c.objc; path = CacheManager.m; sourceTree = "<group>"; };
		A9A1A9F81EEB161A0042DF30 /* UrlTOkey.h */ = {isa = PBXFileReference; fileEncoding = 4; lastKnownFileType = sourcecode.c.h; path = UrlTOkey.h; sourceTree = "<group>"; };
		A9A1A9F91EEB161A0042DF30 /* UrlTOkey.m */ = {isa = PBXFileReference; fileEncoding = 4; lastKnownFileType = sourcecode.c.objc; path = UrlTOkey.m; sourceTree = "<group>"; };
		A9A1A9FB1EEB17470042DF30 /* NSString+MD5.h */ = {isa = PBXFileReference; fileEncoding = 4; lastKnownFileType = sourcecode.c.h; path = "NSString+MD5.h"; sourceTree = "<group>"; };
		A9A1A9FC1EEB17470042DF30 /* NSString+MD5.m */ = {isa = PBXFileReference; fileEncoding = 4; lastKnownFileType = sourcecode.c.objc; path = "NSString+MD5.m"; sourceTree = "<group>"; };
		A9C790411EE67E1A0039D65A /* testimage.app */ = {isa = PBXFileReference; explicitFileType = wrapper.application; includeInIndex = 0; path = testimage.app; sourceTree = BUILT_PRODUCTS_DIR; };
		A9C790451EE67E1A0039D65A /* main.m */ = {isa = PBXFileReference; lastKnownFileType = sourcecode.c.objc; path = main.m; sourceTree = "<group>"; };
		A9C790471EE67E1A0039D65A /* AppDelegate.h */ = {isa = PBXFileReference; lastKnownFileType = sourcecode.c.h; path = AppDelegate.h; sourceTree = "<group>"; };
		A9C790481EE67E1A0039D65A /* AppDelegate.m */ = {isa = PBXFileReference; lastKnownFileType = sourcecode.c.objc; path = AppDelegate.m; sourceTree = "<group>"; };
		A9C7904A1EE67E1A0039D65A /* PhotoViewController.h */ = {isa = PBXFileReference; lastKnownFileType = sourcecode.c.h; path = PhotoViewController.h; sourceTree = "<group>"; };
		A9C7904B1EE67E1A0039D65A /* PhotoViewController.m */ = {isa = PBXFileReference; lastKnownFileType = sourcecode.c.objc; path = PhotoViewController.m; sourceTree = "<group>"; };
		A9C7904E1EE67E1A0039D65A /* Base */ = {isa = PBXFileReference; lastKnownFileType = file.storyboard; name = Base; path = Base.lproj/Main.storyboard; sourceTree = "<group>"; };
		A9C790501EE67E1A0039D65A /* Assets.xcassets */ = {isa = PBXFileReference; lastKnownFileType = folder.assetcatalog; path = Assets.xcassets; sourceTree = "<group>"; };
		A9C790531EE67E1A0039D65A /* Base */ = {isa = PBXFileReference; lastKnownFileType = file.storyboard; name = Base; path = Base.lproj/LaunchScreen.storyboard; sourceTree = "<group>"; };
		A9C790551EE67E1A0039D65A /* Info.plist */ = {isa = PBXFileReference; lastKnownFileType = text.plist.xml; path = Info.plist; sourceTree = "<group>"; };
		A9C7905A1EE67E1A0039D65A /* testimageTests.xctest */ = {isa = PBXFileReference; explicitFileType = wrapper.cfbundle; includeInIndex = 0; path = testimageTests.xctest; sourceTree = BUILT_PRODUCTS_DIR; };
		A9C7905E1EE67E1A0039D65A /* testimageTests.m */ = {isa = PBXFileReference; lastKnownFileType = sourcecode.c.objc; path = testimageTests.m; sourceTree = "<group>"; };
		A9C790601EE67E1A0039D65A /* Info.plist */ = {isa = PBXFileReference; lastKnownFileType = text.plist.xml; path = Info.plist; sourceTree = "<group>"; };
		A9E3C6531EEB9FED00E9FBC3 /* VICacheImageView.h */ = {isa = PBXFileReference; fileEncoding = 4; lastKnownFileType = sourcecode.c.h; path = VICacheImageView.h; sourceTree = "<group>"; };
		A9E3C6541EEB9FED00E9FBC3 /* VICacheImageView.m */ = {isa = PBXFileReference; fileEncoding = 4; lastKnownFileType = sourcecode.c.objc; path = VICacheImageView.m; sourceTree = "<group>"; };
		A9E3C6561EEBA12100E9FBC3 /* VNDataFetcher.h */ = {isa = PBXFileReference; lastKnownFileType = sourcecode.c.h; path = VNDataFetcher.h; sourceTree = "<group>"; };
		A9E3C6571EEBAAC300E9FBC3 /* loading.gif */ = {isa = PBXFileReference; lastKnownFileType = image.gif; path = loading.gif; sourceTree = "<group>"; };
		A9E3C65A1EEBAED300E9FBC3 /* ImageParsing.h */ = {isa = PBXFileReference; fileEncoding = 4; lastKnownFileType = sourcecode.c.h; path = ImageParsing.h; sourceTree = "<group>"; };
		A9E3C65B1EEBAED300E9FBC3 /* ImageParsing.m */ = {isa = PBXFileReference; fileEncoding = 4; lastKnownFileType = sourcecode.c.objc; path = ImageParsing.m; sourceTree = "<group>"; };
		A9E3C65E1EEBD08B00E9FBC3 /* LinksModal.h */ = {isa = PBXFileReference; fileEncoding = 4; lastKnownFileType = sourcecode.c.h; path = LinksModal.h; sourceTree = "<group>"; };
		A9E3C65F1EEBD08B00E9FBC3 /* LinksModal.m */ = {isa = PBXFileReference; fileEncoding = 4; lastKnownFileType = sourcecode.c.objc; path = LinksModal.m; sourceTree = "<group>"; };
		A9E3C6611EEBD09D00E9FBC3 /* UrlModal.h */ = {isa = PBXFileReference; fileEncoding = 4; lastKnownFileType = sourcecode.c.h; path = UrlModal.h; sourceTree = "<group>"; };
		A9E3C6621EEBD09D00E9FBC3 /* UrlModal.m */ = {isa = PBXFileReference; fileEncoding = 4; lastKnownFileType = sourcecode.c.objc; path = UrlModal.m; sourceTree = "<group>"; };
		A9E3C6641EEBD12700E9FBC3 /* CategoryModal.h */ = {isa = PBXFileReference; fileEncoding = 4; lastKnownFileType = sourcecode.c.h; path = CategoryModal.h; sourceTree = "<group>"; };
		A9E3C6651EEBD12700E9FBC3 /* CategoryModal.m */ = {isa = PBXFileReference; fileEncoding = 4; lastKnownFileType = sourcecode.c.objc; path = CategoryModal.m; sourceTree = "<group>"; };
		A9E3C6671EEBD1BD00E9FBC3 /* UserModal.h */ = {isa = PBXFileReference; fileEncoding = 4; lastKnownFileType = sourcecode.c.h; path = UserModal.h; sourceTree = "<group>"; };
		A9E3C6681EEBD1BD00E9FBC3 /* UserModal.m */ = {isa = PBXFileReference; fileEncoding = 4; lastKnownFileType = sourcecode.c.objc; path = UserModal.m; sourceTree = "<group>"; };
		A9E3C66A1EEBD1EE00E9FBC3 /* ProfileImageModal.h */ = {isa = PBXFileReference; fileEncoding = 4; lastKnownFileType = sourcecode.c.h; path = ProfileImageModal.h; sourceTree = "<group>"; };
		A9E3C66B1EEBD1EE00E9FBC3 /* ProfileImageModal.m */ = {isa = PBXFileReference; fileEncoding = 4; lastKnownFileType = sourcecode.c.objc; path = ProfileImageModal.m; sourceTree = "<group>"; };
		A9E3C66D1EEBD21200E9FBC3 /* PictureModal.h */ = {isa = PBXFileReference; fileEncoding = 4; lastKnownFileType = sourcecode.c.h; path = PictureModal.h; sourceTree = "<group>"; };
		A9E3C66E1EEBD21200E9FBC3 /* PictureModal.m */ = {isa = PBXFileReference; fileEncoding = 4; lastKnownFileType = sourcecode.c.objc; path = PictureModal.m; sourceTree = "<group>"; };
/* End PBXFileReference section */

/* Begin PBXFrameworksBuildPhase section */
		A9C7903E1EE67E1A0039D65A /* Frameworks */ = {
			isa = PBXFrameworksBuildPhase;
			buildActionMask = 2147483647;
			files = (
			);
			runOnlyForDeploymentPostprocessing = 0;
		};
		A9C790571EE67E1A0039D65A /* Frameworks */ = {
			isa = PBXFrameworksBuildPhase;
			buildActionMask = 2147483647;
			files = (
			);
			runOnlyForDeploymentPostprocessing = 0;
		};
/* End PBXFrameworksBuildPhase section */

/* Begin PBXGroup section */
		A93717DD1EEBE1DD00EDE3B8 /* Views */ = {
			isa = PBXGroup;
			children = (
				A93717DE1EEBE20100EDE3B8 /* PictureTableViewCell.xib */,
				A93717E01EEBE22700EDE3B8 /* PictureTableViewCell.h */,
				A93717E11EEBE22700EDE3B8 /* PictureTableViewCell.m */,
			);
			name = Views;
			sourceTree = "<group>";
		};
		A981E9F71EE874DC00E91BD9 /* lib */ = {
			isa = PBXGroup;
			children = (
				A9E3C6561EEBA12100E9FBC3 /* VNDataFetcher.h */,
				A9A1A9F51EEB0FF30042DF30 /* CacheManager.h */,
				A9A1A9F61EEB0FF30042DF30 /* CacheManager.m */,
				A9A1A9F81EEB161A0042DF30 /* UrlTOkey.h */,
				A9A1A9F91EEB161A0042DF30 /* UrlTOkey.m */,
				A9A1A9FB1EEB17470042DF30 /* NSString+MD5.h */,
				A9A1A9FC1EEB17470042DF30 /* NSString+MD5.m */,
				A9A1A9F01EEB04970042DF30 /* Parsing.h */,
				A9E3C65A1EEBAED300E9FBC3 /* ImageParsing.h */,
				A9E3C65B1EEBAED300E9FBC3 /* ImageParsing.m */,
				A981E9F81EE8756100E91BD9 /* NetworkDataManaging.h */,
				A981E9F91EE8773D00E91BD9 /* MemCacheManaging.h */,
				A981E9FA1EE8776B00E91BD9 /* RequestManaging.h */,
				A981E9FB1EE877E000E91BD9 /* Url2KeyMapping.h */,
				A981E9FC1EE8838E00E91BD9 /* RequestManager.h */,
				A981E9FD1EE8838E00E91BD9 /* RequestManager.m */,
				A93717E31EEBEAAE00EDE3B8 /* RequestFactory.h */,
				A93717E41EEBEAAE00EDE3B8 /* RequestFactory.m */,
				A96299CF1EE9032700A7E80A /* ResourceRequestModal.h */,
				A96299D01EE9032700A7E80A /* ResourceRequestModal.m */,
				A9A1A9EA1EEAFA790042DF30 /* LoaderOperationQueueManager.h */,
				A9A1A9EB1EEAFA790042DF30 /* LoaderOperationQueueManager.m */,
				A96299DB1EE9437300A7E80A /* LoaderOperation.h */,
				A96299DC1EE9437300A7E80A /* LoaderOperation.m */,
				A96299DE1EE944D900A7E80A /* RequestRtnModal.h */,
				A96299DF1EE944D900A7E80A /* RequestRtnModal.m */,
				A9A1A9ED1EEAFC550042DF30 /* NetworkDataMgr.h */,
				A9A1A9EE1EEAFC550042DF30 /* NetworkDataMgr.m */,
				A9A1A9F11EEB0A7B0042DF30 /* PinInterestJsonParser.h */,
				A9A1A9F21EEB0A7B0042DF30 /* PinInterestJsonParser.m */,
			);
			name = lib;
			sourceTree = "<group>";
		};
		A9A1A9E51EEAF5300042DF30 /* Abstract */ = {
			isa = PBXGroup;
			children = (
				A9A1A9E61EEAF5300042DF30 /* Operation */,
			);
			path = Abstract;
			sourceTree = "<group>";
		};
		A9A1A9E61EEAF5300042DF30 /* Operation */ = {
			isa = PBXGroup;
			children = (
				A9A1A9E71EEAF5300042DF30 /* BaseOperation.h */,
				A9A1A9E81EEAF5300042DF30 /* BaseOperation.m */,
			);
			path = Operation;
			sourceTree = "<group>";
		};
		A9C790381EE67E1A0039D65A = {
			isa = PBXGroup;
			children = (
				A9C790431EE67E1A0039D65A /* testimage */,
				A9C7905D1EE67E1A0039D65A /* testimageTests */,
				A9C790421EE67E1A0039D65A /* Products */,
			);
			sourceTree = "<group>";
		};
		A9C790421EE67E1A0039D65A /* Products */ = {
			isa = PBXGroup;
			children = (
				A9C790411EE67E1A0039D65A /* testimage.app */,
				A9C7905A1EE67E1A0039D65A /* testimageTests.xctest */,
			);
			name = Products;
			sourceTree = "<group>";
		};
		A9C790431EE67E1A0039D65A /* testimage */ = {
			isa = PBXGroup;
			children = (
				A93717DD1EEBE1DD00EDE3B8 /* Views */,
				A9A1A9E51EEAF5300042DF30 /* Abstract */,
				A981E9F71EE874DC00E91BD9 /* lib */,
				A9C790471EE67E1A0039D65A /* AppDelegate.h */,
				A9E3C65D1EEBCFAF00E9FBC3 /* Models */,
				A9E3C6531EEB9FED00E9FBC3 /* VICacheImageView.h */,
				A9E3C6541EEB9FED00E9FBC3 /* VICacheImageView.m */,
				A9C790481EE67E1A0039D65A /* AppDelegate.m */,
				A9C7904A1EE67E1A0039D65A /* PhotoViewController.h */,
				A9C7904B1EE67E1A0039D65A /* PhotoViewController.m */,
				A94430BA1EEC4CD100591E32 /* CategoriesViewController.h */,
				A94430BB1EEC4CD100591E32 /* CategoriesViewController.m */,
				A9C7904D1EE67E1A0039D65A /* Main.storyboard */,
				A9C790501EE67E1A0039D65A /* Assets.xcassets */,
				A9C790521EE67E1A0039D65A /* LaunchScreen.storyboard */,
				A9E3C6571EEBAAC300E9FBC3 /* loading.gif */,
				A9C790551EE67E1A0039D65A /* Info.plist */,
				A9C790441EE67E1A0039D65A /* Supporting Files */,
				A96D1BF01EEC04E800A694A1 /* LIbAPI.h */,
				A96D1BF11EEC04E800A694A1 /* LIbAPI.m */,
			);
			path = testimage;
			sourceTree = "<group>";
		};
		A9C790441EE67E1A0039D65A /* Supporting Files */ = {
			isa = PBXGroup;
			children = (
				A9C790451EE67E1A0039D65A /* main.m */,
			);
			name = "Supporting Files";
			sourceTree = "<group>";
		};
		A9C7905D1EE67E1A0039D65A /* testimageTests */ = {
			isa = PBXGroup;
			children = (
				A9C7905E1EE67E1A0039D65A /* testimageTests.m */,
				A9C790601EE67E1A0039D65A /* Info.plist */,
			);
			path = testimageTests;
			sourceTree = "<group>";
		};
		A9E3C65D1EEBCFAF00E9FBC3 /* Models */ = {
			isa = PBXGroup;
			children = (
				A9E3C65E1EEBD08B00E9FBC3 /* LinksModal.h */,
				A9E3C65F1EEBD08B00E9FBC3 /* LinksModal.m */,
				A9E3C6611EEBD09D00E9FBC3 /* UrlModal.h */,
				A9E3C6621EEBD09D00E9FBC3 /* UrlModal.m */,
				A9E3C6641EEBD12700E9FBC3 /* CategoryModal.h */,
				A9E3C6651EEBD12700E9FBC3 /* CategoryModal.m */,
				A9E3C6671EEBD1BD00E9FBC3 /* UserModal.h */,
				A9E3C6681EEBD1BD00E9FBC3 /* UserModal.m */,
				A9E3C66A1EEBD1EE00E9FBC3 /* ProfileImageModal.h */,
				A9E3C66B1EEBD1EE00E9FBC3 /* ProfileImageModal.m */,
				A9E3C66D1EEBD21200E9FBC3 /* PictureModal.h */,
				A9E3C66E1EEBD21200E9FBC3 /* PictureModal.m */,
			);
			name = Models;
			sourceTree = "<group>";
		};
/* End PBXGroup section */

/* Begin PBXNativeTarget section */
		A9C790401EE67E1A0039D65A /* testimage */ = {
			isa = PBXNativeTarget;
			buildConfigurationList = A9C790631EE67E1A0039D65A /* Build configuration list for PBXNativeTarget "testimage" */;
			buildPhases = (
				A9C7903D1EE67E1A0039D65A /* Sources */,
				A9C7903E1EE67E1A0039D65A /* Frameworks */,
				A9C7903F1EE67E1A0039D65A /* Resources */,
			);
			buildRules = (
			);
			dependencies = (
			);
			name = testimage;
			productName = testimage;
			productReference = A9C790411EE67E1A0039D65A /* testimage.app */;
			productType = "com.apple.product-type.application";
		};
		A9C790591EE67E1A0039D65A /* testimageTests */ = {
			isa = PBXNativeTarget;
			buildConfigurationList = A9C790661EE67E1A0039D65A /* Build configuration list for PBXNativeTarget "testimageTests" */;
			buildPhases = (
				A9C790561EE67E1A0039D65A /* Sources */,
				A9C790571EE67E1A0039D65A /* Frameworks */,
				A9C790581EE67E1A0039D65A /* Resources */,
			);
			buildRules = (
			);
			dependencies = (
				A9C7905C1EE67E1A0039D65A /* PBXTargetDependency */,
			);
			name = testimageTests;
			productName = testimageTests;
			productReference = A9C7905A1EE67E1A0039D65A /* testimageTests.xctest */;
			productType = "com.apple.product-type.bundle.unit-test";
		};
/* End PBXNativeTarget section */

/* Begin PBXProject section */
		A9C790391EE67E1A0039D65A /* Project object */ = {
			isa = PBXProject;
			attributes = {
				LastUpgradeCheck = 0820;
				ORGANIZATIONNAME = vinsi;
				TargetAttributes = {
					A9C790401EE67E1A0039D65A = {
						CreatedOnToolsVersion = 8.2;
						DevelopmentTeam = T47326VQCW;
						ProvisioningStyle = Automatic;
					};
					A9C790591EE67E1A0039D65A = {
						CreatedOnToolsVersion = 8.2;
						DevelopmentTeam = T47326VQCW;
						ProvisioningStyle = Automatic;
						TestTargetID = A9C790401EE67E1A0039D65A;
					};
				};
			};
			buildConfigurationList = A9C7903C1EE67E1A0039D65A /* Build configuration list for PBXProject "testimage" */;
			compatibilityVersion = "Xcode 3.2";
			developmentRegion = English;
			hasScannedForEncodings = 0;
			knownRegions = (
				en,
				Base,
			);
			mainGroup = A9C790381EE67E1A0039D65A;
			productRefGroup = A9C790421EE67E1A0039D65A /* Products */;
			projectDirPath = "";
			projectRoot = "";
			targets = (
				A9C790401EE67E1A0039D65A /* testimage */,
				A9C790591EE67E1A0039D65A /* testimageTests */,
			);
		};
/* End PBXProject section */

/* Begin PBXResourcesBuildPhase section */
		A9C7903F1EE67E1A0039D65A /* Resources */ = {
			isa = PBXResourcesBuildPhase;
			buildActionMask = 2147483647;
			files = (
				A9C790541EE67E1A0039D65A /* LaunchScreen.storyboard in Resources */,
				A9E3C6581EEBAAC300E9FBC3 /* loading.gif in Resources */,
				A9C790511EE67E1A0039D65A /* Assets.xcassets in Resources */,
				A9C7904F1EE67E1A0039D65A /* Main.storyboard in Resources */,
				A93717DF1EEBE20100EDE3B8 /* PictureTableViewCell.xib in Resources */,
			);
			runOnlyForDeploymentPostprocessing = 0;
		};
		A9C790581EE67E1A0039D65A /* Resources */ = {
			isa = PBXResourcesBuildPhase;
			buildActionMask = 2147483647;
			files = (
			);
			runOnlyForDeploymentPostprocessing = 0;
		};
/* End PBXResourcesBuildPhase section */

/* Begin PBXSourcesBuildPhase section */
		A9C7903D1EE67E1A0039D65A /* Sources */ = {
			isa = PBXSourcesBuildPhase;
			buildActionMask = 2147483647;
			files = (
				A9A1A9EC1EEAFA790042DF30 /* LoaderOperationQueueManager.m in Sources */,
				A9E3C6661EEBD12700E9FBC3 /* CategoryModal.m in Sources */,
				A9A1A9F71EEB0FF30042DF30 /* CacheManager.m in Sources */,
				A9E3C66C1EEBD1EE00E9FBC3 /* ProfileImageModal.m in Sources */,
				A9C7904C1EE67E1A0039D65A /* PhotoViewController.m in Sources */,
				A94430BC1EEC4CD200591E32 /* CategoriesViewController.m in Sources */,
				A9E3C6691EEBD1BD00E9FBC3 /* UserModal.m in Sources */,
				A93717E21EEBE22700EDE3B8 /* PictureTableViewCell.m in Sources */,
				A9C790491EE67E1A0039D65A /* AppDelegate.m in Sources */,
				A9A1A9FD1EEB17470042DF30 /* NSString+MD5.m in Sources */,
				A9A1A9FA1EEB161A0042DF30 /* UrlTOkey.m in Sources */,
				A96299D11EE9032700A7E80A /* ResourceRequestModal.m in Sources */,
				A96D1BF21EEC04E800A694A1 /* LIbAPI.m in Sources */,
				A9C790461EE67E1A0039D65A /* main.m in Sources */,
				A9E3C66F1EEBD21200E9FBC3 /* PictureModal.m in Sources */,
				A981E9FE1EE8838E00E91BD9 /* RequestManager.m in Sources */,
				A9A1A9E91EEAF5300042DF30 /* BaseOperation.m in Sources */,
				A9E3C6631EEBD09D00E9FBC3 /* UrlModal.m in Sources */,
				A9E3C6551EEB9FED00E9FBC3 /* VICacheImageView.m in Sources */,
				A93717E51EEBEAAE00EDE3B8 /* RequestFactory.m in Sources */,
				A96299E01EE944D900A7E80A /* RequestRtnModal.m in Sources */,
				A9E3C6601EEBD08B00E9FBC3 /* LinksModal.m in Sources */,
				A96299DD1EE9437300A7E80A /* LoaderOperation.m in Sources */,
				A9A1A9EF1EEAFC550042DF30 /* NetworkDataMgr.m in Sources */,
				A9A1A9F31EEB0A7B0042DF30 /* PinInterestJsonParser.m in Sources */,
				A9E3C65C1EEBAED300E9FBC3 /* ImageParsing.m in Sources */,
			);
			runOnlyForDeploymentPostprocessing = 0;
		};
		A9C790561EE67E1A0039D65A /* Sources */ = {
			isa = PBXSourcesBuildPhase;
			buildActionMask = 2147483647;
			files = (
				A9C7905F1EE67E1A0039D65A /* testimageTests.m in Sources */,
			);
			runOnlyForDeploymentPostprocessing = 0;
		};
/* End PBXSourcesBuildPhase section */

/* Begin PBXTargetDependency section */
		A9C7905C1EE67E1A0039D65A /* PBXTargetDependency */ = {
			isa = PBXTargetDependency;
			target = A9C790401EE67E1A0039D65A /* testimage */;
			targetProxy = A9C7905B1EE67E1A0039D65A /* PBXContainerItemProxy */;
		};
/* End PBXTargetDependency section */

/* Begin PBXVariantGroup section */
		A9C7904D1EE67E1A0039D65A /* Main.storyboard */ = {
			isa = PBXVariantGroup;
			children = (
				A9C7904E1EE67E1A0039D65A /* Base */,
			);
			name = Main.storyboard;
			sourceTree = "<group>";
		};
		A9C790521EE67E1A0039D65A /* LaunchScreen.storyboard */ = {
			isa = PBXVariantGroup;
			children = (
				A9C790531EE67E1A0039D65A /* Base */,
			);
			name = LaunchScreen.storyboard;
			sourceTree = "<group>";
		};
/* End PBXVariantGroup section */

/* Begin XCBuildConfiguration section */
		A9C790611EE67E1A0039D65A /* Debug */ = {
			isa = XCBuildConfiguration;
			buildSettings = {
				ALWAYS_SEARCH_USER_PATHS = NO;
				CLANG_ANALYZER_NONNULL = YES;
				CLANG_CXX_LANGUAGE_STANDARD = "gnu++0x";
				CLANG_CXX_LIBRARY = "libc++";
				CLANG_ENABLE_MODULES = YES;
				CLANG_ENABLE_OBJC_ARC = YES;
				CLANG_WARN_BOOL_CONVERSION = YES;
				CLANG_WARN_CONSTANT_CONVERSION = YES;
				CLANG_WARN_DIRECT_OBJC_ISA_USAGE = YES_ERROR;
				CLANG_WARN_DOCUMENTATION_COMMENTS = YES;
				CLANG_WARN_EMPTY_BODY = YES;
				CLANG_WARN_ENUM_CONVERSION = YES;
				CLANG_WARN_INFINITE_RECURSION = YES;
				CLANG_WARN_INT_CONVERSION = YES;
				CLANG_WARN_OBJC_ROOT_CLASS = YES_ERROR;
				CLANG_WARN_SUSPICIOUS_MOVE = YES;
				CLANG_WARN_UNREACHABLE_CODE = YES;
				CLANG_WARN__DUPLICATE_METHOD_MATCH = YES;
				"CODE_SIGN_IDENTITY[sdk=iphoneos*]" = "iPhone Developer";
				COPY_PHASE_STRIP = NO;
				DEBUG_INFORMATION_FORMAT = dwarf;
				ENABLE_STRICT_OBJC_MSGSEND = YES;
				ENABLE_TESTABILITY = YES;
				GCC_C_LANGUAGE_STANDARD = gnu99;
				GCC_DYNAMIC_NO_PIC = NO;
				GCC_NO_COMMON_BLOCKS = YES;
				GCC_OPTIMIZATION_LEVEL = 0;
				GCC_PREPROCESSOR_DEFINITIONS = (
					"DEBUG=1",
					"$(inherited)",
				);
				GCC_WARN_64_TO_32_BIT_CONVERSION = YES;
				GCC_WARN_ABOUT_RETURN_TYPE = YES_ERROR;
				GCC_WARN_UNDECLARED_SELECTOR = YES;
				GCC_WARN_UNINITIALIZED_AUTOS = YES_AGGRESSIVE;
				GCC_WARN_UNUSED_FUNCTION = YES;
				GCC_WARN_UNUSED_VARIABLE = YES;
				IPHONEOS_DEPLOYMENT_TARGET = 10.2;
				MTL_ENABLE_DEBUG_INFO = YES;
				ONLY_ACTIVE_ARCH = YES;
				SDKROOT = iphoneos;
			};
			name = Debug;
		};
		A9C790621EE67E1A0039D65A /* Release */ = {
			isa = XCBuildConfiguration;
			buildSettings = {
				ALWAYS_SEARCH_USER_PATHS = NO;
				CLANG_ANALYZER_NONNULL = YES;
				CLANG_CXX_LANGUAGE_STANDARD = "gnu++0x";
				CLANG_CXX_LIBRARY = "libc++";
				CLANG_ENABLE_MODULES = YES;
				CLANG_ENABLE_OBJC_ARC = YES;
				CLANG_WARN_BOOL_CONVERSION = YES;
				CLANG_WARN_CONSTANT_CONVERSION = YES;
				CLANG_WARN_DIRECT_OBJC_ISA_USAGE = YES_ERROR;
				CLANG_WARN_DOCUMENTATION_COMMENTS = YES;
				CLANG_WARN_EMPTY_BODY = YES;
				CLANG_WARN_ENUM_CONVERSION = YES;
				CLANG_WARN_INFINITE_RECURSION = YES;
				CLANG_WARN_INT_CONVERSION = YES;
				CLANG_WARN_OBJC_ROOT_CLASS = YES_ERROR;
				CLANG_WARN_SUSPICIOUS_MOVE = YES;
				CLANG_WARN_UNREACHABLE_CODE = YES;
				CLANG_WARN__DUPLICATE_METHOD_MATCH = YES;
				"CODE_SIGN_IDENTITY[sdk=iphoneos*]" = "iPhone Developer";
				COPY_PHASE_STRIP = NO;
				DEBUG_INFORMATION_FORMAT = "dwarf-with-dsym";
				ENABLE_NS_ASSERTIONS = NO;
				ENABLE_STRICT_OBJC_MSGSEND = YES;
				GCC_C_LANGUAGE_STANDARD = gnu99;
				GCC_NO_COMMON_BLOCKS = YES;
				GCC_WARN_64_TO_32_BIT_CONVERSION = YES;
				GCC_WARN_ABOUT_RETURN_TYPE = YES_ERROR;
				GCC_WARN_UNDECLARED_SELECTOR = YES;
				GCC_WARN_UNINITIALIZED_AUTOS = YES_AGGRESSIVE;
				GCC_WARN_UNUSED_FUNCTION = YES;
				GCC_WARN_UNUSED_VARIABLE = YES;
				IPHONEOS_DEPLOYMENT_TARGET = 10.2;
				MTL_ENABLE_DEBUG_INFO = NO;
				SDKROOT = iphoneos;
				VALIDATE_PRODUCT = YES;
			};
			name = Release;
		};
		A9C790641EE67E1A0039D65A /* Debug */ = {
			isa = XCBuildConfiguration;
			buildSettings = {
				ASSETCATALOG_COMPILER_APPICON_NAME = AppIcon;
				DEVELOPMENT_TEAM = T47326VQCW;
				INFOPLIST_FILE = testimage/Info.plist;
				LD_RUNPATH_SEARCH_PATHS = "$(inherited) @executable_path/Frameworks";
				PRODUCT_BUNDLE_IDENTIFIER = com.trolley.test.testimage;
				PRODUCT_NAME = "$(TARGET_NAME)";
			};
			name = Debug;
		};
		A9C790651EE67E1A0039D65A /* Release */ = {
			isa = XCBuildConfiguration;
			buildSettings = {
				ASSETCATALOG_COMPILER_APPICON_NAME = AppIcon;
				DEVELOPMENT_TEAM = T47326VQCW;
				INFOPLIST_FILE = testimage/Info.plist;
				LD_RUNPATH_SEARCH_PATHS = "$(inherited) @executable_path/Frameworks";
				PRODUCT_BUNDLE_IDENTIFIER = com.trolley.test.testimage;
				PRODUCT_NAME = "$(TARGET_NAME)";
			};
			name = Release;
		};
		A9C790671EE67E1A0039D65A /* Debug */ = {
			isa = XCBuildConfiguration;
			buildSettings = {
				BUNDLE_LOADER = "$(TEST_HOST)";
				DEVELOPMENT_TEAM = T47326VQCW;
				INFOPLIST_FILE = testimageTests/Info.plist;
				LD_RUNPATH_SEARCH_PATHS = "$(inherited) @executable_path/Frameworks @loader_path/Frameworks";
				PRODUCT_BUNDLE_IDENTIFIER = com.trolley.test.testimageTests;
				PRODUCT_NAME = "$(TARGET_NAME)";
				TEST_HOST = "$(BUILT_PRODUCTS_DIR)/testimage.app/testimage";
			};
			name = Debug;
		};
		A9C790681EE67E1A0039D65A /* Release */ = {
			isa = XCBuildConfiguration;
			buildSettings = {
				BUNDLE_LOADER = "$(TEST_HOST)";
				DEVELOPMENT_TEAM = T47326VQCW;
				INFOPLIST_FILE = testimageTests/Info.plist;
				LD_RUNPATH_SEARCH_PATHS = "$(inherited) @executable_path/Frameworks @loader_path/Frameworks";
				PRODUCT_BUNDLE_IDENTIFIER = com.trolley.test.testimageTests;
				PRODUCT_NAME = "$(TARGET_NAME)";
				TEST_HOST = "$(BUILT_PRODUCTS_DIR)/testimage.app/testimage";
			};
			name = Release;
		};
/* End XCBuildConfiguration section */

/* Begin XCConfigurationList section */
		A9C7903C1EE67E1A0039D65A /* Build configuration list for PBXProject "testimage" */ = {
			isa = XCConfigurationList;
			buildConfigurations = (
				A9C790611EE67E1A0039D65A /* Debug */,
				A9C790621EE67E1A0039D65A /* Release */,
			);
			defaultConfigurationIsVisible = 0;
			defaultConfigurationName = Release;
		};
		A9C790631EE67E1A0039D65A /* Build configuration list for PBXNativeTarget "testimage" */ = {
			isa = XCConfigurationList;
			buildConfigurations = (
				A9C790641EE67E1A0039D65A /* Debug */,
				A9C790651EE67E1A0039D65A /* Release */,
			);
			defaultConfigurationIsVisible = 0;
			defaultConfigurationName = Release;
		};
		A9C790661EE67E1A0039D65A /* Build configuration list for PBXNativeTarget "testimageTests" */ = {
			isa = XCConfigurationList;
			buildConfigurations = (
				A9C790671EE67E1A0039D65A /* Debug */,
				A9C790681EE67E1A0039D65A /* Release */,
			);
			defaultConfigurationIsVisible = 0;
			defaultConfigurationName = Release;
		};
/* End XCConfigurationList section */
	};
	rootObject = A9C790391EE67E1A0039D65A /* Project object */;
}
